
Microsoft Visual Studio Solution File, Format Version 11.00
# Visual Studio 2010
Project("{FAE04EC0-301F-11D3-BF4B-00C04F79EFBC}") = "PokeTango-Demo", "Assembly-CSharp-firstpass.csproj", "{42F3E089-0E20-7E68-AD36-DBD6F782369D}"
EndProject
Project("{FAE04EC0-301F-11D3-BF4B-00C04F79EFBC}") = "PokeTango-Demo", "Assembly-CSharp.csproj", "{D23A1FC0-634E-D633-A529-2635CFF5AC19}"
EndProject
Project("{FAE04EC0-301F-11D3-BF4B-00C04F79EFBC}") = "PokeTango-Demo", "Assembly-CSharp-Editor.csproj", "{84B864F9-B749-594B-A9AC-8217147544E4}"
EndProject
Global
	GlobalSection(SolutionConfigurationPlatforms) = preSolution
		Debug|Any CPU = Debug|Any CPU
		Release|Any CPU = Release|Any CPU
	EndGlobalSection
	GlobalSection(ProjectConfigurationPlatforms) = postSolution
		{42F3E089-0E20-7E68-AD36-DBD6F782369D}.Debug|Any CPU.ActiveCfg = Debug|Any CPU
		{42F3E089-0E20-7E68-AD36-DBD6F782369D}.Debug|Any CPU.Build.0 = Debug|Any CPU
		{42F3E089-0E20-7E68-AD36-DBD6F782369D}.Release|Any CPU.ActiveCfg = Release|Any CPU
		{42F3E089-0E20-7E68-AD36-DBD6F782369D}.Release|Any CPU.Build.0 = Release|Any CPU
		{D23A1FC0-634E-D633-A529-2635CFF5AC19}.Debug|Any CPU.ActiveCfg = Debug|Any CPU
		{D23A1FC0-634E-D633-A529-2635CFF5AC19}.Debug|Any CPU.Build.0 = Debug|Any CPU
		{D23A1FC0-634E-D633-A529-2635CFF5AC19}.Release|Any CPU.ActiveCfg = Release|Any CPU
		{D23A1FC0-634E-D633-A529-2635CFF5AC19}.Release|Any CPU.Build.0 = Release|Any CPU
		{84B864F9-B749-594B-A9AC-8217147544E4}.Debug|Any CPU.ActiveCfg = Debug|Any CPU
		{84B864F9-B749-594B-A9AC-8217147544E4}.Debug|Any CPU.Build.0 = Debug|Any CPU
		{84B864F9-B749-594B-A9AC-8217147544E4}.Release|Any CPU.ActiveCfg = Release|Any CPU
		{84B864F9-B749-594B-A9AC-8217147544E4}.Release|Any CPU.Build.0 = Release|Any CPU
	EndGlobalSection
	GlobalSection(SolutionProperties) = preSolution
		HideSolutionNode = FALSE
	EndGlobalSection
	GlobalSection(MonoDevelopProperties) = preSolution
		StartupItem = Assembly-CSharp.csproj
	EndGlobalSection
EndGlobal
